
Microsoft Visual Studio Solution File, Format Version 12.00
# Visual Studio 15
VisualStudioVersion = 15.0.26228.10
MinimumVisualStudioVersion = 10.0.40219.1
Project("{2150E333-8FDC-42A3-9474-1A3956D46DE8}") = "src", "src", "{B98C8920-35F9-451E-AA37-44D440568D59}"
EndProject
Project("{FAE04EC0-301F-11D3-BF4B-00C04F79EFBC}") = "Meteo.Breeze.MVC.Routing", "src\Meteo.Breeze.MVC.Routing\Meteo.Breeze.MVC.Routing.csproj", "{B1FA0A36-C72C-4250-A9EC-DBF0119A85C3}"
EndProject
Project("{FAE04EC0-301F-11D3-BF4B-00C04F79EFBC}") = "Meteo.Breeze.MVC.Routing.Default", "src\Meteo.Breeze.MVC.Routing.Default\Meteo.Breeze.MVC.Routing.Default.csproj", "{FCC9C408-A465-4944-9315-2A15A62CD6BF}"
EndProject
Project("{FAE04EC0-301F-11D3-BF4B-00C04F79EFBC}") = "Meteo.Breeze.MVC.Routing.test", "src\Meteo.Breeze.MVC.Routing.test\Meteo.Breeze.MVC.Routing.test.csproj", "{92F352B0-ECC4-4536-9194-50E5E5459B80}"
EndProject
Project("{FAE04EC0-301F-11D3-BF4B-00C04F79EFBC}") = "Meteo.Breeze.MVC.ViewFeatures", "src\Meteo.Breeze.MVC.ViewFeatures\Meteo.Breeze.MVC.ViewFeatures.csproj", "{7A1B8FEA-1BA3-400F-BFCD-3ADBDFE1971C}"
EndProject
Project("{FAE04EC0-301F-11D3-BF4B-00C04F79EFBC}") = "Meteo.Breeze.MVC.Core", "src\Meteo.Breeze.MVC.Core\Meteo.Breeze.MVC.Core.csproj", "{416B20F6-8BA2-42BB-A3BF-B0C95EF6A906}"
EndProject
Project("{FAE04EC0-301F-11D3-BF4B-00C04F79EFBC}") = "Meteo.Breeze.FileSystem", "src\Meteo.Breeze.FileSystem\Meteo.Breeze.FileSystem.csproj", "{949145C9-34FE-4734-AED4-D5816A908CE8}"
EndProject
Project("{FAE04EC0-301F-11D3-BF4B-00C04F79EFBC}") = "Meteo.Breeze.MVC.Options", "src\Meteo.Breeze.MVC.Options\Meteo.Breeze.MVC.Options.csproj", "{7A519DC6-CAC7-4A5F-8616-2DD6528EBFFC}"
EndProject
Project("{FAE04EC0-301F-11D3-BF4B-00C04F79EFBC}") = "Meteo.Breeze.MVC.Encodings", "src\Meteo.Breeze.MVC.Encoding\Meteo.Breeze.MVC.Encodings.csproj", "{7C979A9A-D25E-4C59-861D-29041B3C1D22}"
EndProject
Global
	GlobalSection(SolutionConfigurationPlatforms) = preSolution
		Debug|Any CPU = Debug|Any CPU
		Release|Any CPU = Release|Any CPU
	EndGlobalSection
	GlobalSection(ProjectConfigurationPlatforms) = postSolution
		{B1FA0A36-C72C-4250-A9EC-DBF0119A85C3}.Debug|Any CPU.ActiveCfg = Debug|Any CPU
		{B1FA0A36-C72C-4250-A9EC-DBF0119A85C3}.Debug|Any CPU.Build.0 = Debug|Any CPU
		{B1FA0A36-C72C-4250-A9EC-DBF0119A85C3}.Release|Any CPU.ActiveCfg = Release|Any CPU
		{B1FA0A36-C72C-4250-A9EC-DBF0119A85C3}.Release|Any CPU.Build.0 = Release|Any CPU
		{FCC9C408-A465-4944-9315-2A15A62CD6BF}.Debug|Any CPU.ActiveCfg = Debug|Any CPU
		{FCC9C408-A465-4944-9315-2A15A62CD6BF}.Debug|Any CPU.Build.0 = Debug|Any CPU
		{FCC9C408-A465-4944-9315-2A15A62CD6BF}.Release|Any CPU.ActiveCfg = Release|Any CPU
		{FCC9C408-A465-4944-9315-2A15A62CD6BF}.Release|Any CPU.Build.0 = Release|Any CPU
		{92F352B0-ECC4-4536-9194-50E5E5459B80}.Debug|Any CPU.ActiveCfg = Debug|Any CPU
		{92F352B0-ECC4-4536-9194-50E5E5459B80}.Debug|Any CPU.Build.0 = Debug|Any CPU
		{92F352B0-ECC4-4536-9194-50E5E5459B80}.Release|Any CPU.ActiveCfg = Release|Any CPU
		{92F352B0-ECC4-4536-9194-50E5E5459B80}.Release|Any CPU.Build.0 = Release|Any CPU
		{7A1B8FEA-1BA3-400F-BFCD-3ADBDFE1971C}.Debug|Any CPU.ActiveCfg = Debug|Any CPU
		{7A1B8FEA-1BA3-400F-BFCD-3ADBDFE1971C}.Debug|Any CPU.Build.0 = Debug|Any CPU
		{7A1B8FEA-1BA3-400F-BFCD-3ADBDFE1971C}.Release|Any CPU.ActiveCfg = Release|Any CPU
		{7A1B8FEA-1BA3-400F-BFCD-3ADBDFE1971C}.Release|Any CPU.Build.0 = Release|Any CPU
		{416B20F6-8BA2-42BB-A3BF-B0C95EF6A906}.Debug|Any CPU.ActiveCfg = Debug|Any CPU
		{416B20F6-8BA2-42BB-A3BF-B0C95EF6A906}.Debug|Any CPU.Build.0 = Debug|Any CPU
		{416B20F6-8BA2-42BB-A3BF-B0C95EF6A906}.Release|Any CPU.ActiveCfg = Release|Any CPU
		{416B20F6-8BA2-42BB-A3BF-B0C95EF6A906}.Release|Any CPU.Build.0 = Release|Any CPU
		{949145C9-34FE-4734-AED4-D5816A908CE8}.Debug|Any CPU.ActiveCfg = Debug|Any CPU
		{949145C9-34FE-4734-AED4-D5816A908CE8}.Debug|Any CPU.Build.0 = Debug|Any CPU
		{949145C9-34FE-4734-AED4-D5816A908CE8}.Release|Any CPU.ActiveCfg = Release|Any CPU
		{949145C9-34FE-4734-AED4-D5816A908CE8}.Release|Any CPU.Build.0 = Release|Any CPU
		{7A519DC6-CAC7-4A5F-8616-2DD6528EBFFC}.Debug|Any CPU.ActiveCfg = Debug|Any CPU
		{7A519DC6-CAC7-4A5F-8616-2DD6528EBFFC}.Debug|Any CPU.Build.0 = Debug|Any CPU
		{7A519DC6-CAC7-4A5F-8616-2DD6528EBFFC}.Release|Any CPU.ActiveCfg = Release|Any CPU
		{7A519DC6-CAC7-4A5F-8616-2DD6528EBFFC}.Release|Any CPU.Build.0 = Release|Any CPU
		{7C979A9A-D25E-4C59-861D-29041B3C1D22}.Debug|Any CPU.ActiveCfg = Debug|Any CPU
		{7C979A9A-D25E-4C59-861D-29041B3C1D22}.Debug|Any CPU.Build.0 = Debug|Any CPU
		{7C979A9A-D25E-4C59-861D-29041B3C1D22}.Release|Any CPU.ActiveCfg = Release|Any CPU
		{7C979A9A-D25E-4C59-861D-29041B3C1D22}.Release|Any CPU.Build.0 = Release|Any CPU
	EndGlobalSection
	GlobalSection(SolutionProperties) = preSolution
		HideSolutionNode = FALSE
	EndGlobalSection
	GlobalSection(NestedProjects) = preSolution
		{B1FA0A36-C72C-4250-A9EC-DBF0119A85C3} = {B98C8920-35F9-451E-AA37-44D440568D59}
		{FCC9C408-A465-4944-9315-2A15A62CD6BF} = {B98C8920-35F9-451E-AA37-44D440568D59}
		{92F352B0-ECC4-4536-9194-50E5E5459B80} = {B98C8920-35F9-451E-AA37-44D440568D59}
		{7A1B8FEA-1BA3-400F-BFCD-3ADBDFE1971C} = {B98C8920-35F9-451E-AA37-44D440568D59}
		{416B20F6-8BA2-42BB-A3BF-B0C95EF6A906} = {B98C8920-35F9-451E-AA37-44D440568D59}
		{949145C9-34FE-4734-AED4-D5816A908CE8} = {B98C8920-35F9-451E-AA37-44D440568D59}
		{7A519DC6-CAC7-4A5F-8616-2DD6528EBFFC} = {B98C8920-35F9-451E-AA37-44D440568D59}
	EndGlobalSection
EndGlobal
