
Microsoft Visual Studio Solution File, Format Version 12.00
# Visual Studio 15
VisualStudioVersion = 15.0.27703.2026
MinimumVisualStudioVersion = 10.0.40219.1
Project("{FAE04EC0-301F-11D3-BF4B-00C04F79EFBC}") = "Meteo.Breeze.Http", "src\Meteo.Breeze.Http\Meteo.Breeze.Http.csproj", "{5D29BAEF-9835-46D4-A8DC-8C0E9D39B218}"
EndProject
Project("{FAE04EC0-301F-11D3-BF4B-00C04F79EFBC}") = "Meteo.Breeze.Http.Default", "src\Meteo.Breeze.Http.Default\Meteo.Breeze.Http.Default.csproj", "{358E9D17-0D69-4BFD-8444-B0685C16BD43}"
EndProject
Project("{FAE04EC0-301F-11D3-BF4B-00C04F79EFBC}") = "Meteo.Breeze.Http.Headers", "src\Meteo.Breeze.Http.Headers\Meteo.Breeze.Http.Headers.csproj", "{A989AD64-E3FA-4CC6-9605-B68930C386DE}"
EndProject
Global
	GlobalSection(SolutionConfigurationPlatforms) = preSolution
		Debug|Any CPU = Debug|Any CPU
		Release|Any CPU = Release|Any CPU
	EndGlobalSection
	GlobalSection(ProjectConfigurationPlatforms) = postSolution
		{5D29BAEF-9835-46D4-A8DC-8C0E9D39B218}.Debug|Any CPU.ActiveCfg = Debug|Any CPU
		{5D29BAEF-9835-46D4-A8DC-8C0E9D39B218}.Debug|Any CPU.Build.0 = Debug|Any CPU
		{5D29BAEF-9835-46D4-A8DC-8C0E9D39B218}.Release|Any CPU.ActiveCfg = Release|Any CPU
		{5D29BAEF-9835-46D4-A8DC-8C0E9D39B218}.Release|Any CPU.Build.0 = Release|Any CPU
		{358E9D17-0D69-4BFD-8444-B0685C16BD43}.Debug|Any CPU.ActiveCfg = Debug|Any CPU
		{358E9D17-0D69-4BFD-8444-B0685C16BD43}.Debug|Any CPU.Build.0 = Debug|Any CPU
		{358E9D17-0D69-4BFD-8444-B0685C16BD43}.Release|Any CPU.ActiveCfg = Release|Any CPU
		{358E9D17-0D69-4BFD-8444-B0685C16BD43}.Release|Any CPU.Build.0 = Release|Any CPU
		{A989AD64-E3FA-4CC6-9605-B68930C386DE}.Debug|Any CPU.ActiveCfg = Debug|Any CPU
		{A989AD64-E3FA-4CC6-9605-B68930C386DE}.Debug|Any CPU.Build.0 = Debug|Any CPU
		{A989AD64-E3FA-4CC6-9605-B68930C386DE}.Release|Any CPU.ActiveCfg = Release|Any CPU
		{A989AD64-E3FA-4CC6-9605-B68930C386DE}.Release|Any CPU.Build.0 = Release|Any CPU
	EndGlobalSection
	GlobalSection(SolutionProperties) = preSolution
		HideSolutionNode = FALSE
	EndGlobalSection
	GlobalSection(ExtensibilityGlobals) = postSolution
		SolutionGuid = {FA61AF91-828A-4EDC-8470-0C9311D12690}
	EndGlobalSection
EndGlobal
