
Microsoft Visual Studio Solution File, Format Version 12.00
# Visual Studio 15
VisualStudioVersion = 15.0.27703.2026
MinimumVisualStudioVersion = 10.0.40219.1
Project("{FAE04EC0-301F-11D3-BF4B-00C04F79EFBC}") = "Meteo.Breeze.Hosting", "src\Meteo.Breeze.Hosting\Meteo.Breeze.Hosting.csproj", "{54817C25-A8E2-48EB-B829-0A4D9D6FB57B}"
EndProject
Project("{FAE04EC0-301F-11D3-BF4B-00C04F79EFBC}") = "Meteo.Breeze.Hosting.Self", "src\Meteo.Breeze.Hosting.Self\Meteo.Breeze.Hosting.Self.csproj", "{F42F73DC-F3E4-4365-866B-42CA85B76A38}"
EndProject
Project("{FAE04EC0-301F-11D3-BF4B-00C04F79EFBC}") = "SimpleHttpServer", "src\SimpleHttpServer\SimpleHttpServer.csproj", "{5044E4D5-ADD5-4026-A1A7-B6FEA0E88EDD}"
EndProject
Project("{FAE04EC0-301F-11D3-BF4B-00C04F79EFBC}") = "Meteo.Breeze.Server", "src\Meteo.Breeze.Server\Meteo.Breeze.Server.csproj", "{92663698-8B5F-4C56-B772-9AAE5216529C}"
EndProject
Project("{FAE04EC0-301F-11D3-BF4B-00C04F79EFBC}") = "SimpleHttpServerApp", "samples\SimpleHttpServerApp\SimpleHttpServerApp.csproj", "{9471D604-8044-413D-A79F-11A345754A9A}"
EndProject
Global
	GlobalSection(SolutionConfigurationPlatforms) = preSolution
		Debug|Any CPU = Debug|Any CPU
		Release|Any CPU = Release|Any CPU
	EndGlobalSection
	GlobalSection(ProjectConfigurationPlatforms) = postSolution
		{54817C25-A8E2-48EB-B829-0A4D9D6FB57B}.Debug|Any CPU.ActiveCfg = Debug|Any CPU
		{54817C25-A8E2-48EB-B829-0A4D9D6FB57B}.Debug|Any CPU.Build.0 = Debug|Any CPU
		{54817C25-A8E2-48EB-B829-0A4D9D6FB57B}.Release|Any CPU.ActiveCfg = Release|Any CPU
		{54817C25-A8E2-48EB-B829-0A4D9D6FB57B}.Release|Any CPU.Build.0 = Release|Any CPU
		{F42F73DC-F3E4-4365-866B-42CA85B76A38}.Debug|Any CPU.ActiveCfg = Debug|Any CPU
		{F42F73DC-F3E4-4365-866B-42CA85B76A38}.Debug|Any CPU.Build.0 = Debug|Any CPU
		{F42F73DC-F3E4-4365-866B-42CA85B76A38}.Release|Any CPU.ActiveCfg = Release|Any CPU
		{F42F73DC-F3E4-4365-866B-42CA85B76A38}.Release|Any CPU.Build.0 = Release|Any CPU
		{5044E4D5-ADD5-4026-A1A7-B6FEA0E88EDD}.Debug|Any CPU.ActiveCfg = Debug|Any CPU
		{5044E4D5-ADD5-4026-A1A7-B6FEA0E88EDD}.Debug|Any CPU.Build.0 = Debug|Any CPU
		{5044E4D5-ADD5-4026-A1A7-B6FEA0E88EDD}.Release|Any CPU.ActiveCfg = Release|Any CPU
		{5044E4D5-ADD5-4026-A1A7-B6FEA0E88EDD}.Release|Any CPU.Build.0 = Release|Any CPU
		{92663698-8B5F-4C56-B772-9AAE5216529C}.Debug|Any CPU.ActiveCfg = Debug|Any CPU
		{92663698-8B5F-4C56-B772-9AAE5216529C}.Debug|Any CPU.Build.0 = Debug|Any CPU
		{92663698-8B5F-4C56-B772-9AAE5216529C}.Release|Any CPU.ActiveCfg = Release|Any CPU
		{92663698-8B5F-4C56-B772-9AAE5216529C}.Release|Any CPU.Build.0 = Release|Any CPU
		{9471D604-8044-413D-A79F-11A345754A9A}.Debug|Any CPU.ActiveCfg = Debug|Any CPU
		{9471D604-8044-413D-A79F-11A345754A9A}.Debug|Any CPU.Build.0 = Debug|Any CPU
		{9471D604-8044-413D-A79F-11A345754A9A}.Release|Any CPU.ActiveCfg = Release|Any CPU
		{9471D604-8044-413D-A79F-11A345754A9A}.Release|Any CPU.Build.0 = Release|Any CPU
	EndGlobalSection
	GlobalSection(SolutionProperties) = preSolution
		HideSolutionNode = FALSE
	EndGlobalSection
	GlobalSection(ExtensibilityGlobals) = postSolution
		SolutionGuid = {EB8AC81B-ED02-4EA6-AF48-13D22DA71A2C}
	EndGlobalSection
EndGlobal
